
Microsoft Visual Studio Solution File, Format Version 12.00
# Visual Studio Version 16
VisualStudioVersion = 16.0.30011.22
MinimumVisualStudioVersion = 10.0.40219.1
Project("{FAE04EC0-301F-11D3-BF4B-00C04F79EFBC}") = "MemoApp", "MemoApp\MemoApp.csproj", "{A170C88A-B107-4D74-A849-59DEF7320E6D}"
EndProject
Project("{2150E333-8FDC-42A3-9474-1A3956D46DE8}") = "ReplyApp", "ReplyApp", "{98716D5C-F1A9-473B-8F6B-9031F078E86F}"
EndProject
Project("{9A19103F-16F7-4668-BE54-9A1E7A4F7556}") = "BlazorInputFile", "BlazorInputFile\BlazorInputFile.csproj", "{34AC58B0-4252-4482-ABCF-7832DE5D78DB}"
EndProject
Project("{9A19103F-16F7-4668-BE54-9A1E7A4F7556}") = "BlazorUtils", "BlazorUtils\BlazorUtils.csproj", "{F4E33C0A-EB33-4560-8D1B-FA62AFDE3623}"
EndProject
Project("{9A19103F-16F7-4668-BE54-9A1E7A4F7556}") = "ReplyApp", "ReplyApp\ReplyApp.csproj", "{A3E8D7B2-2A9A-4090-9E89-31E6B1099E2E}"
EndProject
Project("{9A19103F-16F7-4668-BE54-9A1E7A4F7556}") = "ReplyApp.Apis", "ReplyApp.Apis\ReplyApp.Apis.csproj", "{AD6C6C49-9DCD-4008-B6F3-5A3E93F8BE94}"
EndProject
Project("{9A19103F-16F7-4668-BE54-9A1E7A4F7556}") = "ReplyApp.Apis.Tests", "ReplyApp.Apis.Tests\ReplyApp.Apis.Tests.csproj", "{1BACDAD6-70B5-48B5-84CF-E73F695EE37C}"
EndProject
Project("{9A19103F-16F7-4668-BE54-9A1E7A4F7556}") = "ReplyApp.Models", "ReplyApp.Models\ReplyApp.Models.csproj", "{00865870-2D7A-47A8-A76F-C15839E1C98A}"
EndProject
Project("{9A19103F-16F7-4668-BE54-9A1E7A4F7556}") = "ReplyApp.Models.Tests", "ReplyApp.Models.Tests\ReplyApp.Models.Tests.csproj", "{A0C5FF2A-2CCD-4C2A-8CDE-A5873139D984}"
EndProject
Project("{9A19103F-16F7-4668-BE54-9A1E7A4F7556}") = "ReplyApp.SingleSignOn", "ReplyApp.SingleSignOn\ReplyApp.SingleSignOn.csproj", "{0293AA2E-F900-45DD-9524-976C878C9972}"
EndProject
Project("{00D1A9C2-B5F0-4AF3-8072-F6C62B433612}") = "ReplyApp.SqlServer", "ReplyApp.SqlServer\ReplyApp.SqlServer.sqlproj", "{616E9611-DDE0-4943-A920-65A9682650CD}"
EndProject
Global
	GlobalSection(SolutionConfigurationPlatforms) = preSolution
		Debug|Any CPU = Debug|Any CPU
		Release|Any CPU = Release|Any CPU
	EndGlobalSection
	GlobalSection(ProjectConfigurationPlatforms) = postSolution
		{A170C88A-B107-4D74-A849-59DEF7320E6D}.Debug|Any CPU.ActiveCfg = Debug|Any CPU
		{A170C88A-B107-4D74-A849-59DEF7320E6D}.Debug|Any CPU.Build.0 = Debug|Any CPU
		{A170C88A-B107-4D74-A849-59DEF7320E6D}.Release|Any CPU.ActiveCfg = Release|Any CPU
		{A170C88A-B107-4D74-A849-59DEF7320E6D}.Release|Any CPU.Build.0 = Release|Any CPU
		{34AC58B0-4252-4482-ABCF-7832DE5D78DB}.Debug|Any CPU.ActiveCfg = Debug|Any CPU
		{34AC58B0-4252-4482-ABCF-7832DE5D78DB}.Debug|Any CPU.Build.0 = Debug|Any CPU
		{34AC58B0-4252-4482-ABCF-7832DE5D78DB}.Release|Any CPU.ActiveCfg = Release|Any CPU
		{34AC58B0-4252-4482-ABCF-7832DE5D78DB}.Release|Any CPU.Build.0 = Release|Any CPU
		{F4E33C0A-EB33-4560-8D1B-FA62AFDE3623}.Debug|Any CPU.ActiveCfg = Debug|Any CPU
		{F4E33C0A-EB33-4560-8D1B-FA62AFDE3623}.Debug|Any CPU.Build.0 = Debug|Any CPU
		{F4E33C0A-EB33-4560-8D1B-FA62AFDE3623}.Release|Any CPU.ActiveCfg = Release|Any CPU
		{F4E33C0A-EB33-4560-8D1B-FA62AFDE3623}.Release|Any CPU.Build.0 = Release|Any CPU
		{A3E8D7B2-2A9A-4090-9E89-31E6B1099E2E}.Debug|Any CPU.ActiveCfg = Debug|Any CPU
		{A3E8D7B2-2A9A-4090-9E89-31E6B1099E2E}.Debug|Any CPU.Build.0 = Debug|Any CPU
		{A3E8D7B2-2A9A-4090-9E89-31E6B1099E2E}.Release|Any CPU.ActiveCfg = Release|Any CPU
		{A3E8D7B2-2A9A-4090-9E89-31E6B1099E2E}.Release|Any CPU.Build.0 = Release|Any CPU
		{AD6C6C49-9DCD-4008-B6F3-5A3E93F8BE94}.Debug|Any CPU.ActiveCfg = Debug|Any CPU
		{AD6C6C49-9DCD-4008-B6F3-5A3E93F8BE94}.Debug|Any CPU.Build.0 = Debug|Any CPU
		{AD6C6C49-9DCD-4008-B6F3-5A3E93F8BE94}.Release|Any CPU.ActiveCfg = Release|Any CPU
		{AD6C6C49-9DCD-4008-B6F3-5A3E93F8BE94}.Release|Any CPU.Build.0 = Release|Any CPU
		{1BACDAD6-70B5-48B5-84CF-E73F695EE37C}.Debug|Any CPU.ActiveCfg = Debug|Any CPU
		{1BACDAD6-70B5-48B5-84CF-E73F695EE37C}.Debug|Any CPU.Build.0 = Debug|Any CPU
		{1BACDAD6-70B5-48B5-84CF-E73F695EE37C}.Release|Any CPU.ActiveCfg = Release|Any CPU
		{1BACDAD6-70B5-48B5-84CF-E73F695EE37C}.Release|Any CPU.Build.0 = Release|Any CPU
		{00865870-2D7A-47A8-A76F-C15839E1C98A}.Debug|Any CPU.ActiveCfg = Debug|Any CPU
		{00865870-2D7A-47A8-A76F-C15839E1C98A}.Debug|Any CPU.Build.0 = Debug|Any CPU
		{00865870-2D7A-47A8-A76F-C15839E1C98A}.Release|Any CPU.ActiveCfg = Release|Any CPU
		{00865870-2D7A-47A8-A76F-C15839E1C98A}.Release|Any CPU.Build.0 = Release|Any CPU
		{A0C5FF2A-2CCD-4C2A-8CDE-A5873139D984}.Debug|Any CPU.ActiveCfg = Debug|Any CPU
		{A0C5FF2A-2CCD-4C2A-8CDE-A5873139D984}.Debug|Any CPU.Build.0 = Debug|Any CPU
		{A0C5FF2A-2CCD-4C2A-8CDE-A5873139D984}.Release|Any CPU.ActiveCfg = Release|Any CPU
		{A0C5FF2A-2CCD-4C2A-8CDE-A5873139D984}.Release|Any CPU.Build.0 = Release|Any CPU
		{0293AA2E-F900-45DD-9524-976C878C9972}.Debug|Any CPU.ActiveCfg = Debug|Any CPU
		{0293AA2E-F900-45DD-9524-976C878C9972}.Debug|Any CPU.Build.0 = Debug|Any CPU
		{0293AA2E-F900-45DD-9524-976C878C9972}.Release|Any CPU.ActiveCfg = Release|Any CPU
		{0293AA2E-F900-45DD-9524-976C878C9972}.Release|Any CPU.Build.0 = Release|Any CPU
		{616E9611-DDE0-4943-A920-65A9682650CD}.Debug|Any CPU.ActiveCfg = Debug|Any CPU
		{616E9611-DDE0-4943-A920-65A9682650CD}.Debug|Any CPU.Build.0 = Debug|Any CPU
		{616E9611-DDE0-4943-A920-65A9682650CD}.Debug|Any CPU.Deploy.0 = Debug|Any CPU
		{616E9611-DDE0-4943-A920-65A9682650CD}.Release|Any CPU.ActiveCfg = Release|Any CPU
		{616E9611-DDE0-4943-A920-65A9682650CD}.Release|Any CPU.Build.0 = Release|Any CPU
		{616E9611-DDE0-4943-A920-65A9682650CD}.Release|Any CPU.Deploy.0 = Release|Any CPU
	EndGlobalSection
	GlobalSection(SolutionProperties) = preSolution
		HideSolutionNode = FALSE
	EndGlobalSection
	GlobalSection(NestedProjects) = preSolution
		{34AC58B0-4252-4482-ABCF-7832DE5D78DB} = {98716D5C-F1A9-473B-8F6B-9031F078E86F}
		{F4E33C0A-EB33-4560-8D1B-FA62AFDE3623} = {98716D5C-F1A9-473B-8F6B-9031F078E86F}
		{A3E8D7B2-2A9A-4090-9E89-31E6B1099E2E} = {98716D5C-F1A9-473B-8F6B-9031F078E86F}
		{AD6C6C49-9DCD-4008-B6F3-5A3E93F8BE94} = {98716D5C-F1A9-473B-8F6B-9031F078E86F}
		{1BACDAD6-70B5-48B5-84CF-E73F695EE37C} = {98716D5C-F1A9-473B-8F6B-9031F078E86F}
		{00865870-2D7A-47A8-A76F-C15839E1C98A} = {98716D5C-F1A9-473B-8F6B-9031F078E86F}
		{A0C5FF2A-2CCD-4C2A-8CDE-A5873139D984} = {98716D5C-F1A9-473B-8F6B-9031F078E86F}
		{0293AA2E-F900-45DD-9524-976C878C9972} = {98716D5C-F1A9-473B-8F6B-9031F078E86F}
		{616E9611-DDE0-4943-A920-65A9682650CD} = {98716D5C-F1A9-473B-8F6B-9031F078E86F}
	EndGlobalSection
	GlobalSection(ExtensibilityGlobals) = postSolution
		SolutionGuid = {8B84BF60-829F-48B7-A6F3-6C4FA0E8A63A}
	EndGlobalSection
EndGlobal
